
Microsoft Visual Studio Solution File, Format Version 12.00
# Visual Studio Version 16
VisualStudioVersion = 16.0.32228.343
MinimumVisualStudioVersion = 10.0.40219.1
Project("{9A19103F-16F7-4668-BE54-9A1E7A4F7556}") = "ConsoleApp2", "ConsoleApp2.csproj", "{4BD2DA45-B5EF-476B-ACDF-803016D89F15}"
EndProject
Project("{FAE04EC0-301F-11D3-BF4B-00C04F79EFBC}") = "OOPINHERITANCE", "..\OOPINHERITANCE\OOPINHERITANCE.csproj", "{16FC756F-F82D-4097-A09C-94CA3135C5AB}"
EndProject
Global
	GlobalSection(SolutionConfigurationPlatforms) = preSolution
		Debug|Any CPU = Debug|Any CPU
		Release|Any CPU = Release|Any CPU
	EndGlobalSection
	GlobalSection(ProjectConfigurationPlatforms) = postSolution
		{4BD2DA45-B5EF-476B-ACDF-803016D89F15}.Debug|Any CPU.ActiveCfg = Debug|Any CPU
		{4BD2DA45-B5EF-476B-ACDF-803016D89F15}.Debug|Any CPU.Build.0 = Debug|Any CPU
		{4BD2DA45-B5EF-476B-ACDF-803016D89F15}.Release|Any CPU.ActiveCfg = Release|Any CPU
		{4BD2DA45-B5EF-476B-ACDF-803016D89F15}.Release|Any CPU.Build.0 = Release|Any CPU
		{16FC756F-F82D-4097-A09C-94CA3135C5AB}.Debug|Any CPU.ActiveCfg = Debug|Any CPU
		{16FC756F-F82D-4097-A09C-94CA3135C5AB}.Debug|Any CPU.Build.0 = Debug|Any CPU
		{16FC756F-F82D-4097-A09C-94CA3135C5AB}.Release|Any CPU.ActiveCfg = Release|Any CPU
		{16FC756F-F82D-4097-A09C-94CA3135C5AB}.Release|Any CPU.Build.0 = Release|Any CPU
	EndGlobalSection
	GlobalSection(SolutionProperties) = preSolution
		HideSolutionNode = FALSE
	EndGlobalSection
	GlobalSection(ExtensibilityGlobals) = postSolution
		SolutionGuid = {FE9ED2B3-32E8-4E63-B018-7CA6F59802E6}
	EndGlobalSection
EndGlobal
